
Microsoft Visual Studio Solution File, Format Version 12.00
# Visual Studio Version 17
VisualStudioVersion = 17.0.32014.148
MinimumVisualStudioVersion = 10.0.40219.1
Project("{2150E333-8FDC-42A3-9474-1A3956D46DE8}") = "Libraries", "Libraries", "{ED549002-084F-4C3D-B174-A058154B31AA}"
EndProject
Project("{9A19103F-16F7-4668-BE54-9A1E7A4F7556}") = "Northwind.Entity", "Northwind.Entity\Northwind.Entity.csproj", "{1E49D204-367E-43D4-8B67-0AAA6FAF382B}"
EndProject
Project("{9A19103F-16F7-4668-BE54-9A1E7A4F7556}") = "Northwind.DataAccessLayer", "Northwind.DataAccessLayer\Northwind.DataAccessLayer.csproj", "{8244B6EE-D459-44AF-AE41-C3A058D2C187}"
EndProject
Project("{9A19103F-16F7-4668-BE54-9A1E7A4F7556}") = "Northwind.BusinessLogic", "BusinessLogic\Northwind.BusinessLogic.csproj", "{C5E6E49E-7506-4940-9A67-905EE4A51687}"
EndProject
Project("{9A19103F-16F7-4668-BE54-9A1E7A4F7556}") = "Northwind.Interface", "Northwind.Interface\Northwind.Interface.csproj", "{E198CAAE-C672-47C4-9B2D-446ADF2C92A0}"
EndProject
Project("{2150E333-8FDC-42A3-9474-1A3956D46DE8}") = "Presentation", "Presentation", "{353D0CD9-59F3-4698-8028-8C21BB58D5C1}"
EndProject
Project("{9A19103F-16F7-4668-BE54-9A1E7A4F7556}") = "Northwind.WebAPI", "Northwind.WebAPI\Northwind.WebAPI.csproj", "{D231CAE0-2F61-4137-A6C8-B90EBBC35AA4}"
EndProject
Global
	GlobalSection(SolutionConfigurationPlatforms) = preSolution
		Debug|Any CPU = Debug|Any CPU
		Release|Any CPU = Release|Any CPU
	EndGlobalSection
	GlobalSection(ProjectConfigurationPlatforms) = postSolution
		{1E49D204-367E-43D4-8B67-0AAA6FAF382B}.Debug|Any CPU.ActiveCfg = Debug|Any CPU
		{1E49D204-367E-43D4-8B67-0AAA6FAF382B}.Debug|Any CPU.Build.0 = Debug|Any CPU
		{1E49D204-367E-43D4-8B67-0AAA6FAF382B}.Release|Any CPU.ActiveCfg = Release|Any CPU
		{1E49D204-367E-43D4-8B67-0AAA6FAF382B}.Release|Any CPU.Build.0 = Release|Any CPU
		{8244B6EE-D459-44AF-AE41-C3A058D2C187}.Debug|Any CPU.ActiveCfg = Debug|Any CPU
		{8244B6EE-D459-44AF-AE41-C3A058D2C187}.Debug|Any CPU.Build.0 = Debug|Any CPU
		{8244B6EE-D459-44AF-AE41-C3A058D2C187}.Release|Any CPU.ActiveCfg = Release|Any CPU
		{8244B6EE-D459-44AF-AE41-C3A058D2C187}.Release|Any CPU.Build.0 = Release|Any CPU
		{C5E6E49E-7506-4940-9A67-905EE4A51687}.Debug|Any CPU.ActiveCfg = Debug|Any CPU
		{C5E6E49E-7506-4940-9A67-905EE4A51687}.Debug|Any CPU.Build.0 = Debug|Any CPU
		{C5E6E49E-7506-4940-9A67-905EE4A51687}.Release|Any CPU.ActiveCfg = Release|Any CPU
		{C5E6E49E-7506-4940-9A67-905EE4A51687}.Release|Any CPU.Build.0 = Release|Any CPU
		{E198CAAE-C672-47C4-9B2D-446ADF2C92A0}.Debug|Any CPU.ActiveCfg = Debug|Any CPU
		{E198CAAE-C672-47C4-9B2D-446ADF2C92A0}.Debug|Any CPU.Build.0 = Debug|Any CPU
		{E198CAAE-C672-47C4-9B2D-446ADF2C92A0}.Release|Any CPU.ActiveCfg = Release|Any CPU
		{E198CAAE-C672-47C4-9B2D-446ADF2C92A0}.Release|Any CPU.Build.0 = Release|Any CPU
		{D231CAE0-2F61-4137-A6C8-B90EBBC35AA4}.Debug|Any CPU.ActiveCfg = Debug|Any CPU
		{D231CAE0-2F61-4137-A6C8-B90EBBC35AA4}.Debug|Any CPU.Build.0 = Debug|Any CPU
		{D231CAE0-2F61-4137-A6C8-B90EBBC35AA4}.Release|Any CPU.ActiveCfg = Release|Any CPU
		{D231CAE0-2F61-4137-A6C8-B90EBBC35AA4}.Release|Any CPU.Build.0 = Release|Any CPU
	EndGlobalSection
	GlobalSection(SolutionProperties) = preSolution
		HideSolutionNode = FALSE
	EndGlobalSection
	GlobalSection(NestedProjects) = preSolution
		{1E49D204-367E-43D4-8B67-0AAA6FAF382B} = {ED549002-084F-4C3D-B174-A058154B31AA}
		{8244B6EE-D459-44AF-AE41-C3A058D2C187} = {ED549002-084F-4C3D-B174-A058154B31AA}
		{C5E6E49E-7506-4940-9A67-905EE4A51687} = {ED549002-084F-4C3D-B174-A058154B31AA}
		{E198CAAE-C672-47C4-9B2D-446ADF2C92A0} = {ED549002-084F-4C3D-B174-A058154B31AA}
		{D231CAE0-2F61-4137-A6C8-B90EBBC35AA4} = {353D0CD9-59F3-4698-8028-8C21BB58D5C1}
	EndGlobalSection
	GlobalSection(ExtensibilityGlobals) = postSolution
		SolutionGuid = {A241F0C6-22A8-4153-9AF3-D0B15C2B2592}
	EndGlobalSection
EndGlobal
